// !$*UTF8*$!
{
	archiveVersion = 1;
	classes = {
	};
	objectVersion = 46;
	objects = {

/* Begin PBXBuildFile section */
		313304A41882441800F7DB73 /* Foundation.framework in Frameworks */ = {isa = PBXBuildFile; fileRef = 313304A31882441800F7DB73 /* Foundation.framework */; };
		313304A61882441800F7DB73 /* CoreGraphics.framework in Frameworks */ = {isa = PBXBuildFile; fileRef = 313304A51882441800F7DB73 /* CoreGraphics.framework */; };
		313304A81882441800F7DB73 /* UIKit.framework in Frameworks */ = {isa = PBXBuildFile; fileRef = 313304A71882441800F7DB73 /* UIKit.framework */; };
		313304AE1882441800F7DB73 /* InfoPlist.strings in Resources */ = {isa = PBXBuildFile; fileRef = 313304AC1882441800F7DB73 /* InfoPlist.strings */; };
		313304B01882441800F7DB73 /* main.m in Sources */ = {isa = PBXBuildFile; fileRef = 313304AF1882441800F7DB73 /* main.m */; };
		313304B41882441800F7DB73 /* freeAppLifeAppDelegate.m in Sources */ = {isa = PBXBuildFile; fileRef = 313304B31882441800F7DB73 /* freeAppLifeAppDelegate.m */; };
		313304BD1882441800F7DB73 /* freeAppLifeViewController.m in Sources */ = {isa = PBXBuildFile; fileRef = 313304BC1882441800F7DB73 /* freeAppLifeViewController.m */; };
		313304BF1882441800F7DB73 /* Images.xcassets in Resources */ = {isa = PBXBuildFile; fileRef = 313304BE1882441800F7DB73 /* Images.xcassets */; };
		313304C61882441800F7DB73 /* XCTest.framework in Frameworks */ = {isa = PBXBuildFile; fileRef = 313304C51882441800F7DB73 /* XCTest.framework */; };
		313304C71882441800F7DB73 /* Foundation.framework in Frameworks */ = {isa = PBXBuildFile; fileRef = 313304A31882441800F7DB73 /* Foundation.framework */; };
		313304C81882441800F7DB73 /* UIKit.framework in Frameworks */ = {isa = PBXBuildFile; fileRef = 313304A71882441800F7DB73 /* UIKit.framework */; };
		313304D01882441800F7DB73 /* InfoPlist.strings in Resources */ = {isa = PBXBuildFile; fileRef = 313304CE1882441800F7DB73 /* InfoPlist.strings */; };
		313304D21882441800F7DB73 /* webviewTests.m in Sources */ = {isa = PBXBuildFile; fileRef = 313304D11882441800F7DB73 /* webviewTests.m */; };
		313304DC18827B4700F7DB73 /* AdSupport.framework in Frameworks */ = {isa = PBXBuildFile; fileRef = 313304DB18827B4700F7DB73 /* AdSupport.framework */; };
		313305831885178600F7DB73 /* SystemConfiguration.framework in Frameworks */ = {isa = PBXBuildFile; fileRef = 313305821885178600F7DB73 /* SystemConfiguration.framework */; };
		313305851885178F00F7DB73 /* CoreTelephony.framework in Frameworks */ = {isa = PBXBuildFile; fileRef = 313305841885178F00F7DB73 /* CoreTelephony.framework */; };
		3168FB8F18865A2800BC13C7 /* popView.m in Sources */ = {isa = PBXBuildFile; fileRef = 3168FB8E18865A2800BC13C7 /* popView.m */; };
		3168FB9118865ACA00BC13C7 /* popup.xib in Resources */ = {isa = PBXBuildFile; fileRef = 3168FB9018865ACA00BC13C7 /* popup.xib */; };
		317675CE188B20FA00DCF1C9 /* rewardsViewController.m in Sources */ = {isa = PBXBuildFile; fileRef = 317675CD188B20FA00DCF1C9 /* rewardsViewController.m */; };
		31AE574818D6E144004F8D4C /* AppIcon@2x.png in Resources */ = {isa = PBXBuildFile; fileRef = 31AE574718D6E144004F8D4C /* AppIcon@2x.png */; };
		31AE574A18D6E14E004F8D4C /* AppIcon.png in Resources */ = {isa = PBXBuildFile; fileRef = 31AE574918D6E14E004F8D4C /* AppIcon.png */; };
		31AE574C18D6E153004F8D4C /* LaunchImage.png in Resources */ = {isa = PBXBuildFile; fileRef = 31AE574B18D6E153004F8D4C /* LaunchImage.png */; };
		31AE574F18D6E42C004F8D4C /* AppIcon.png in Resources */ = {isa = PBXBuildFile; fileRef = 31AE574D18D6E42C004F8D4C /* AppIcon.png */; };
		31AE575018D6E42C004F8D4C /* AppIcon@2x.png in Resources */ = {isa = PBXBuildFile; fileRef = 31AE574E18D6E42C004F8D4C /* AppIcon@2x.png */; };
		31BF322918CE67FB0050AB5C /* FacebookSDK.framework in Frameworks */ = {isa = PBXBuildFile; fileRef = D05D7E411897A522006593A9 /* FacebookSDK.framework */; };
		D030791A1909EA2F0058013B /* ps4.png in Resources */ = {isa = PBXBuildFile; fileRef = D03079191909EA2F0058013B /* ps4.png */; };
		D03762AB18C1689000791FB7 /* checked2.png in Resources */ = {isa = PBXBuildFile; fileRef = D03762AA18C1689000791FB7 /* checked2.png */; };
		D03762AD18C1694600791FB7 /* checked2@2x.png in Resources */ = {isa = PBXBuildFile; fileRef = D03762AC18C1694600791FB7 /* checked2@2x.png */; };
		D03762B018C16A1000791FB7 /* machine2.png in Resources */ = {isa = PBXBuildFile; fileRef = D03762AE18C16A1000791FB7 /* machine2.png */; };
		D03762B118C16A1000791FB7 /* machine2@2x.png in Resources */ = {isa = PBXBuildFile; fileRef = D03762AF18C16A1000791FB7 /* machine2@2x.png */; };
		D03762B418C16A6300791FB7 /* present.png in Resources */ = {isa = PBXBuildFile; fileRef = D03762B218C16A6300791FB7 /* present.png */; };
		D03762B518C16A6300791FB7 /* present@2x.png in Resources */ = {isa = PBXBuildFile; fileRef = D03762B318C16A6300791FB7 /* present@2x.png */; };
		D03762B818C16B6800791FB7 /* group2.png in Resources */ = {isa = PBXBuildFile; fileRef = D03762B618C16B6800791FB7 /* group2.png */; };
		D03762B918C16B6800791FB7 /* group2@2x.png in Resources */ = {isa = PBXBuildFile; fileRef = D03762B718C16B6800791FB7 /* group2@2x.png */; };
		D03762BD18C170BC00791FB7 /* EmailLayer.png in Resources */ = {isa = PBXBuildFile; fileRef = D03762BC18C170BC00791FB7 /* EmailLayer.png */; };
		D03762CF18C173C000791FB7 /* ReferLayer.png in Resources */ = {isa = PBXBuildFile; fileRef = D03762CE18C173C000791FB7 /* ReferLayer.png */; };
		D03762D218C1754600791FB7 /* socialViewController.m in Sources */ = {isa = PBXBuildFile; fileRef = D03762D118C1754600791FB7 /* socialViewController.m */; };
		D05278E618B94DB40065D401 /* API.m in Sources */ = {isa = PBXBuildFile; fileRef = D05278E518B94DB40065D401 /* API.m */; };
		D05D7E451897A576006593A9 /* settingsViewController.m in Sources */ = {isa = PBXBuildFile; fileRef = D05D7E441897A576006593A9 /* settingsViewController.m */; };
		D05D7E481897B65E006593A9 /* rewardCell.m in Sources */ = {isa = PBXBuildFile; fileRef = D05D7E471897B65E006593A9 /* rewardCell.m */; };
		D05D7E4A189880ED006593A9 /* Social.framework in Frameworks */ = {isa = PBXBuildFile; fileRef = D05D7E49189880ED006593A9 /* Social.framework */; };
		D062DC081938294F00E86241 /* offerCell.m in Sources */ = {isa = PBXBuildFile; fileRef = D062DC071938294F00E86241 /* offerCell.m */; };
		D062DC0B193843AF00E86241 /* friends.png in Resources */ = {isa = PBXBuildFile; fileRef = D062DC09193843AF00E86241 /* friends.png */; };
		D062DC0C193843AF00E86241 /* friends@2x.png in Resources */ = {isa = PBXBuildFile; fileRef = D062DC0A193843AF00E86241 /* friends@2x.png */; };
		D066162B18CAAA620022B8DB /* topBar.png in Resources */ = {isa = PBXBuildFile; fileRef = D066162A18CAAA620022B8DB /* topBar.png */; };
		D066162D18CBF70D0022B8DB /* button.png in Resources */ = {isa = PBXBuildFile; fileRef = D066162C18CBF70D0022B8DB /* button.png */; };
		D06AD77B18FF677600A742BF /* lazyImage.m in Sources */ = {isa = PBXBuildFile; fileRef = D06AD77A18FF677600A742BF /* lazyImage.m */; };
		D06AD78019011B3900A742BF /* fal retina ipad.png in Resources */ = {isa = PBXBuildFile; fileRef = D06AD77F19011B3900A742BF /* fal retina ipad.png */; };
		D06AD78219011B4800A742BF /* ipad fal icon.png in Resources */ = {isa = PBXBuildFile; fileRef = D06AD78119011B4800A742BF /* ipad fal icon.png */; };
		D06AD78419011C0400A742BF /* fal icon.png in Resources */ = {isa = PBXBuildFile; fileRef = D06AD78319011C0400A742BF /* fal icon.png */; };
		D06AD78619011C3400A742BF /* fal icon small.png in Resources */ = {isa = PBXBuildFile; fileRef = D06AD78519011C3400A742BF /* fal icon small.png */; };
		D06AD78819011CF600A742BF /* new ipad fal.png in Resources */ = {isa = PBXBuildFile; fileRef = D06AD78719011CF600A742BF /* new ipad fal.png */; };
		D06AD78A19011E0A00A742BF /* iphone 8080.png in Resources */ = {isa = PBXBuildFile; fileRef = D06AD78919011E0A00A742BF /* iphone 8080.png */; };
		D06AD78C19011E4300A742BF /* iphone 4040.png in Resources */ = {isa = PBXBuildFile; fileRef = D06AD78B19011E4300A742BF /* iphone 4040.png */; };
		D06AD78E19011E6300A742BF /* iphone 5858.png in Resources */ = {isa = PBXBuildFile; fileRef = D06AD78D19011E6300A742BF /* iphone 5858.png */; };
		D06AD790190202B800A742BF /* Default-568h@2x.png in Resources */ = {isa = PBXBuildFile; fileRef = D06AD78F190202B800A742BF /* Default-568h@2x.png */; };
		D073963A195A786000D3727C /* ReferLayer_inf.png in Resources */ = {isa = PBXBuildFile; fileRef = D0739639195A786000D3727C /* ReferLayer_inf.png */; };
		D073963F195B631B00D3727C /* TapjoyResources.bundle in Resources */ = {isa = PBXBuildFile; fileRef = D073963D195B631B00D3727C /* TapjoyResources.bundle */; };
		D0739640195B631B00D3727C /* Tapjoy.framework in Frameworks */ = {isa = PBXBuildFile; fileRef = D073963E195B631B00D3727C /* Tapjoy.framework */; };
		D0AD77C2191AF50300027597 /* close.png in Resources */ = {isa = PBXBuildFile; fileRef = D0AD77C0191AF50300027597 /* close.png */; };
		D0AD77C3191AF50300027597 /* close@2x.png in Resources */ = {isa = PBXBuildFile; fileRef = D0AD77C1191AF50300027597 /* close@2x.png */; };
		D0AD77C6191AFF7000027597 /* popUp.m in Sources */ = {isa = PBXBuildFile; fileRef = D0AD77C5191AFF7000027597 /* popUp.m */; };
		D0C7530A18CC6B5300BDD9A6 /* Main_iPhone.storyboard in Resources */ = {isa = PBXBuildFile; fileRef = D0C7530918CC6B5300BDD9A6 /* Main_iPhone.storyboard */; };
		D0CF33DC1918155E003708B9 /* cellView.m in Sources */ = {isa = PBXBuildFile; fileRef = D0CF33DB1918155E003708B9 /* cellView.m */; };
		D0DA69C4193CA97B006544C1 /* invite.png in Resources */ = {isa = PBXBuildFile; fileRef = D0DA69C2193CA97B006544C1 /* invite.png */; };
		D0DA69C5193CA97B006544C1 /* invite@2x.png in Resources */ = {isa = PBXBuildFile; fileRef = D0DA69C3193CA97B006544C1 /* invite@2x.png */; };
		D0DA69C8193CAAC9006544C1 /* email.png in Resources */ = {isa = PBXBuildFile; fileRef = D0DA69C6193CAAC9006544C1 /* email.png */; };
		D0DA69C9193CAAC9006544C1 /* email@2x.png in Resources */ = {isa = PBXBuildFile; fileRef = D0DA69C7193CAAC9006544C1 /* email@2x.png */; };
		D0DA69CC193CAC6F006544C1 /* message.png in Resources */ = {isa = PBXBuildFile; fileRef = D0DA69CA193CAC6F006544C1 /* message.png */; };
		D0DA69CD193CAC6F006544C1 /* message@2x.png in Resources */ = {isa = PBXBuildFile; fileRef = D0DA69CB193CAC6F006544C1 /* message@2x.png */; };
		D0DA69D2193CAD5C006544C1 /* facebook.png in Resources */ = {isa = PBXBuildFile; fileRef = D0DA69CE193CAD5C006544C1 /* facebook.png */; };
		D0DA69D3193CAD5C006544C1 /* facebook@2x.png in Resources */ = {isa = PBXBuildFile; fileRef = D0DA69CF193CAD5C006544C1 /* facebook@2x.png */; };
		D0DA69D4193CAD5C006544C1 /* twitter.png in Resources */ = {isa = PBXBuildFile; fileRef = D0DA69D0193CAD5C006544C1 /* twitter.png */; };
		D0DA69D5193CAD5C006544C1 /* twitter@2x.png in Resources */ = {isa = PBXBuildFile; fileRef = D0DA69D1193CAD5C006544C1 /* twitter@2x.png */; };
		D0E0DA54191EED47008D98E2 /* rewardPopUp.m in Sources */ = {isa = PBXBuildFile; fileRef = D0E0DA53191EED47008D98E2 /* rewardPopUp.m */; };
		D0E0DA57191F101A008D98E2 /* offerPopUp.m in Sources */ = {isa = PBXBuildFile; fileRef = D0E0DA56191F101A008D98E2 /* offerPopUp.m */; };
		D0E0DA5A192015A6008D98E2 /* customPopUp.m in Sources */ = {isa = PBXBuildFile; fileRef = D0E0DA59192015A6008D98E2 /* customPopUp.m */; };
		D0E0DA5E1920B942008D98E2 /* libFlurry_5.0.0.a in Frameworks */ = {isa = PBXBuildFile; fileRef = D0E0DA5D1920B942008D98E2 /* libFlurry_5.0.0.a */; };
		D0E0DA601920B9B7008D98E2 /* Security.framework in Frameworks */ = {isa = PBXBuildFile; fileRef = D0E0DA5F1920B9B7008D98E2 /* Security.framework */; };
		D0EEFE5418EE6CB100779B69 /* Main_iPad.storyboard in Resources */ = {isa = PBXBuildFile; fileRef = D0EEFE5318EE6CB100779B69 /* Main_iPad.storyboard */; };
		D0EEFE5618EE7C7100779B69 /* topBariPad.png in Resources */ = {isa = PBXBuildFile; fileRef = D0EEFE5518EE7C7100779B69 /* topBariPad.png */; };
		D0FB51ED18C0055E009C92D7 /* topBar.m in Sources */ = {isa = PBXBuildFile; fileRef = D0FB51EC18C0055E009C92D7 /* topBar.m */; };
		D0FB51F018C04977009C92D7 /* CustomIOS7AlertView.m in Sources */ = {isa = PBXBuildFile; fileRef = D0FB51EF18C04977009C92D7 /* CustomIOS7AlertView.m */; };
		D0FB51F318C08867009C92D7 /* rightLine.m in Sources */ = {isa = PBXBuildFile; fileRef = D0FB51F218C08867009C92D7 /* rightLine.m */; };
/* End PBXBuildFile section */

/* Begin PBXContainerItemProxy section */
		313304C91882441800F7DB73 /* PBXContainerItemProxy */ = {
			isa = PBXContainerItemProxy;
			containerPortal = 313304981882441800F7DB73 /* Project object */;
			proxyType = 1;
			remoteGlobalIDString = 3133049F1882441800F7DB73;
			remoteInfo = webview;
		};
/* End PBXContainerItemProxy section */

/* Begin PBXFileReference section */
		313304A01882441800F7DB73 /* FreeAppLife.app */ = {isa = PBXFileReference; explicitFileType = wrapper.application; includeInIndex = 0; path = FreeAppLife.app; sourceTree = BUILT_PRODUCTS_DIR; };
		313304A31882441800F7DB73 /* Foundation.framework */ = {isa = PBXFileReference; lastKnownFileType = wrapper.framework; name = Foundation.framework; path = System/Library/Frameworks/Foundation.framework; sourceTree = SDKROOT; };
		313304A51882441800F7DB73 /* CoreGraphics.framework */ = {isa = PBXFileReference; lastKnownFileType = wrapper.framework; name = CoreGraphics.framework; path = System/Library/Frameworks/CoreGraphics.framework; sourceTree = SDKROOT; };
		313304A71882441800F7DB73 /* UIKit.framework */ = {isa = PBXFileReference; lastKnownFileType = wrapper.framework; name = UIKit.framework; path = System/Library/Frameworks/UIKit.framework; sourceTree = SDKROOT; };
		313304AB1882441800F7DB73 /* FreeAppLife-Info.plist */ = {isa = PBXFileReference; lastKnownFileType = text.plist.xml; path = "FreeAppLife-Info.plist"; sourceTree = "<group>"; };
		313304AD1882441800F7DB73 /* en */ = {isa = PBXFileReference; lastKnownFileType = text.plist.strings; name = en; path = en.lproj/InfoPlist.strings; sourceTree = "<group>"; };
		313304AF1882441800F7DB73 /* main.m */ = {isa = PBXFileReference; lastKnownFileType = sourcecode.c.objc; path = main.m; sourceTree = "<group>"; };
		313304B11882441800F7DB73 /* FreeAppLife-Prefix.pch */ = {isa = PBXFileReference; lastKnownFileType = sourcecode.c.h; path = "FreeAppLife-Prefix.pch"; sourceTree = "<group>"; };
		313304B21882441800F7DB73 /* freeAppLifeAppDelegate.h */ = {isa = PBXFileReference; lastKnownFileType = sourcecode.c.h; path = freeAppLifeAppDelegate.h; sourceTree = "<group>"; };
		313304B31882441800F7DB73 /* freeAppLifeAppDelegate.m */ = {isa = PBXFileReference; lastKnownFileType = sourcecode.c.objc; path = freeAppLifeAppDelegate.m; sourceTree = "<group>"; };
		313304BB1882441800F7DB73 /* freeAppLifeViewController.h */ = {isa = PBXFileReference; lastKnownFileType = sourcecode.c.h; path = freeAppLifeViewController.h; sourceTree = "<group>"; };
		313304BC1882441800F7DB73 /* freeAppLifeViewController.m */ = {isa = PBXFileReference; lastKnownFileType = sourcecode.c.objc; path = freeAppLifeViewController.m; sourceTree = "<group>"; };
		313304BE1882441800F7DB73 /* Images.xcassets */ = {isa = PBXFileReference; lastKnownFileType = folder.assetcatalog; path = Images.xcassets; sourceTree = "<group>"; };
		313304C41882441800F7DB73 /* FreeAppLifeTests.xctest */ = {isa = PBXFileReference; explicitFileType = wrapper.cfbundle; includeInIndex = 0; path = FreeAppLifeTests.xctest; sourceTree = BUILT_PRODUCTS_DIR; };
		313304C51882441800F7DB73 /* XCTest.framework */ = {isa = PBXFileReference; lastKnownFileType = wrapper.framework; name = XCTest.framework; path = Library/Frameworks/XCTest.framework; sourceTree = DEVELOPER_DIR; };
		313304CD1882441800F7DB73 /* FreeAppLifeTests-Info.plist */ = {isa = PBXFileReference; lastKnownFileType = text.plist.xml; path = "FreeAppLifeTests-Info.plist"; sourceTree = "<group>"; };
		313304CF1882441800F7DB73 /* en */ = {isa = PBXFileReference; lastKnownFileType = text.plist.strings; name = en; path = en.lproj/InfoPlist.strings; sourceTree = "<group>"; };
		313304D11882441800F7DB73 /* webviewTests.m */ = {isa = PBXFileReference; lastKnownFileType = sourcecode.c.objc; path = webviewTests.m; sourceTree = "<group>"; };
		313304DB18827B4700F7DB73 /* AdSupport.framework */ = {isa = PBXFileReference; lastKnownFileType = wrapper.framework; name = AdSupport.framework; path = System/Library/Frameworks/AdSupport.framework; sourceTree = SDKROOT; };
		313305821885178600F7DB73 /* SystemConfiguration.framework */ = {isa = PBXFileReference; lastKnownFileType = wrapper.framework; name = SystemConfiguration.framework; path = System/Library/Frameworks/SystemConfiguration.framework; sourceTree = SDKROOT; };
		313305841885178F00F7DB73 /* CoreTelephony.framework */ = {isa = PBXFileReference; lastKnownFileType = wrapper.framework; name = CoreTelephony.framework; path = System/Library/Frameworks/CoreTelephony.framework; sourceTree = SDKROOT; };
		3168FB8D18865A2800BC13C7 /* popView.h */ = {isa = PBXFileReference; fileEncoding = 4; lastKnownFileType = sourcecode.c.h; name = popView.h; path = ../popView.h; sourceTree = "<group>"; };
		3168FB8E18865A2800BC13C7 /* popView.m */ = {isa = PBXFileReference; fileEncoding = 4; lastKnownFileType = sourcecode.c.objc; name = popView.m; path = ../popView.m; sourceTree = "<group>"; };
		3168FB9018865ACA00BC13C7 /* popup.xib */ = {isa = PBXFileReference; fileEncoding = 4; lastKnownFileType = file.xib; name = popup.xib; path = ../popup.xib; sourceTree = "<group>"; };
		317675CC188B20FA00DCF1C9 /* rewardsViewController.h */ = {isa = PBXFileReference; fileEncoding = 4; lastKnownFileType = sourcecode.c.h; path = rewardsViewController.h; sourceTree = "<group>"; };
		317675CD188B20FA00DCF1C9 /* rewardsViewController.m */ = {isa = PBXFileReference; fileEncoding = 4; lastKnownFileType = sourcecode.c.objc; path = rewardsViewController.m; sourceTree = "<group>"; };
		31AE574718D6E144004F8D4C /* AppIcon@2x.png */ = {isa = PBXFileReference; lastKnownFileType = image.png; name = "AppIcon@2x.png"; path = "webview/AppIcon@2x.png"; sourceTree = "<group>"; };
		31AE574918D6E14E004F8D4C /* AppIcon.png */ = {isa = PBXFileReference; lastKnownFileType = image.png; name = AppIcon.png; path = webview/AppIcon.png; sourceTree = "<group>"; };
		31AE574B18D6E153004F8D4C /* LaunchImage.png */ = {isa = PBXFileReference; lastKnownFileType = image.png; name = LaunchImage.png; path = webview/LaunchImage.png; sourceTree = "<group>"; };
		31AE574D18D6E42C004F8D4C /* AppIcon.png */ = {isa = PBXFileReference; lastKnownFileType = image.png; name = AppIcon.png; path = webview/AppIcon.png; sourceTree = "<group>"; };
		31AE574E18D6E42C004F8D4C /* AppIcon@2x.png */ = {isa = PBXFileReference; lastKnownFileType = image.png; name = "AppIcon@2x.png"; path = "webview/AppIcon@2x.png"; sourceTree = "<group>"; };
		7768E45B9DF04A4085D82776 /* libPods.a */ = {isa = PBXFileReference; explicitFileType = archive.ar; includeInIndex = 0; path = libPods.a; sourceTree = BUILT_PRODUCTS_DIR; };
		D02DF302193AADB500B702F5 /* Twitter.framework */ = {isa = PBXFileReference; lastKnownFileType = wrapper.framework; name = Twitter.framework; path = System/Library/Frameworks/Twitter.framework; sourceTree = SDKROOT; };
		D03079191909EA2F0058013B /* ps4.png */ = {isa = PBXFileReference; lastKnownFileType = image.png; path = ps4.png; sourceTree = "<group>"; };
		D03762AA18C1689000791FB7 /* checked2.png */ = {isa = PBXFileReference; lastKnownFileType = image.png; path = checked2.png; sourceTree = "<group>"; };
		D03762AC18C1694600791FB7 /* checked2@2x.png */ = {isa = PBXFileReference; lastKnownFileType = image.png; path = "checked2@2x.png"; sourceTree = "<group>"; };
		D03762AE18C16A1000791FB7 /* machine2.png */ = {isa = PBXFileReference; lastKnownFileType = image.png; path = machine2.png; sourceTree = "<group>"; };
		D03762AF18C16A1000791FB7 /* machine2@2x.png */ = {isa = PBXFileReference; lastKnownFileType = image.png; path = "machine2@2x.png"; sourceTree = "<group>"; };
		D03762B218C16A6300791FB7 /* present.png */ = {isa = PBXFileReference; lastKnownFileType = image.png; path = present.png; sourceTree = "<group>"; };
		D03762B318C16A6300791FB7 /* present@2x.png */ = {isa = PBXFileReference; lastKnownFileType = image.png; path = "present@2x.png"; sourceTree = "<group>"; };
		D03762B618C16B6800791FB7 /* group2.png */ = {isa = PBXFileReference; lastKnownFileType = image.png; path = group2.png; sourceTree = "<group>"; };
		D03762B718C16B6800791FB7 /* group2@2x.png */ = {isa = PBXFileReference; lastKnownFileType = image.png; path = "group2@2x.png"; sourceTree = "<group>"; };
		D03762BC18C170BC00791FB7 /* EmailLayer.png */ = {isa = PBXFileReference; lastKnownFileType = image.png; path = EmailLayer.png; sourceTree = "<group>"; };
		D03762CE18C173C000791FB7 /* ReferLayer.png */ = {isa = PBXFileReference; lastKnownFileType = image.png; path = ReferLayer.png; sourceTree = "<group>"; };
		D03762D018C1754600791FB7 /* socialViewController.h */ = {isa = PBXFileReference; fileEncoding = 4; lastKnownFileType = sourcecode.c.h; path = socialViewController.h; sourceTree = "<group>"; };
		D03762D118C1754600791FB7 /* socialViewController.m */ = {isa = PBXFileReference; fileEncoding = 4; lastKnownFileType = sourcecode.c.objc; path = socialViewController.m; sourceTree = "<group>"; };
		D05278E418B94DB40065D401 /* API.h */ = {isa = PBXFileReference; fileEncoding = 4; lastKnownFileType = sourcecode.c.h; path = API.h; sourceTree = "<group>"; };
		D05278E518B94DB40065D401 /* API.m */ = {isa = PBXFileReference; fileEncoding = 4; lastKnownFileType = sourcecode.c.objc; path = API.m; sourceTree = "<group>"; };
		D05D7E411897A522006593A9 /* FacebookSDK.framework */ = {isa = PBXFileReference; lastKnownFileType = wrapper.framework; path = FacebookSDK.framework; sourceTree = "<group>"; };
		D05D7E431897A576006593A9 /* settingsViewController.h */ = {isa = PBXFileReference; fileEncoding = 4; lastKnownFileType = sourcecode.c.h; path = settingsViewController.h; sourceTree = "<group>"; };
		D05D7E441897A576006593A9 /* settingsViewController.m */ = {isa = PBXFileReference; fileEncoding = 4; lastKnownFileType = sourcecode.c.objc; path = settingsViewController.m; sourceTree = "<group>"; };
		D05D7E461897B65E006593A9 /* rewardCell.h */ = {isa = PBXFileReference; fileEncoding = 4; lastKnownFileType = sourcecode.c.h; path = rewardCell.h; sourceTree = "<group>"; };
		D05D7E471897B65E006593A9 /* rewardCell.m */ = {isa = PBXFileReference; fileEncoding = 4; lastKnownFileType = sourcecode.c.objc; path = rewardCell.m; sourceTree = "<group>"; };
		D05D7E49189880ED006593A9 /* Social.framework */ = {isa = PBXFileReference; lastKnownFileType = wrapper.framework; name = Social.framework; path = System/Library/Frameworks/Social.framework; sourceTree = SDKROOT; };
		D062DC061938294F00E86241 /* offerCell.h */ = {isa = PBXFileReference; fileEncoding = 4; lastKnownFileType = sourcecode.c.h; path = offerCell.h; sourceTree = "<group>"; };
		D062DC071938294F00E86241 /* offerCell.m */ = {isa = PBXFileReference; fileEncoding = 4; lastKnownFileType = sourcecode.c.objc; path = offerCell.m; sourceTree = "<group>"; };
		D062DC09193843AF00E86241 /* friends.png */ = {isa = PBXFileReference; lastKnownFileType = image.png; name = friends.png; path = ../friends.png; sourceTree = "<group>"; };
		D062DC0A193843AF00E86241 /* friends@2x.png */ = {isa = PBXFileReference; lastKnownFileType = image.png; name = "friends@2x.png"; path = "../friends@2x.png"; sourceTree = "<group>"; };
		D066162A18CAAA620022B8DB /* topBar.png */ = {isa = PBXFileReference; lastKnownFileType = image.png; name = topBar.png; path = webview/topBar.png; sourceTree = "<group>"; };
		D066162C18CBF70D0022B8DB /* button.png */ = {isa = PBXFileReference; lastKnownFileType = image.png; name = button.png; path = webview/button.png; sourceTree = "<group>"; };
		D06AD77918FF677600A742BF /* lazyImage.h */ = {isa = PBXFileReference; fileEncoding = 4; lastKnownFileType = sourcecode.c.h; path = lazyImage.h; sourceTree = "<group>"; };
		D06AD77A18FF677600A742BF /* lazyImage.m */ = {isa = PBXFileReference; fileEncoding = 4; lastKnownFileType = sourcecode.c.objc; path = lazyImage.m; sourceTree = "<group>"; };
		D06AD77F19011B3900A742BF /* fal retina ipad.png */ = {isa = PBXFileReference; lastKnownFileType = image.png; path = "fal retina ipad.png"; sourceTree = "<group>"; };
		D06AD78119011B4800A742BF /* ipad fal icon.png */ = {isa = PBXFileReference; lastKnownFileType = image.png; path = "ipad fal icon.png"; sourceTree = "<group>"; };
		D06AD78319011C0400A742BF /* fal icon.png */ = {isa = PBXFileReference; lastKnownFileType = image.png; path = "fal icon.png"; sourceTree = "<group>"; };
		D06AD78519011C3400A742BF /* fal icon small.png */ = {isa = PBXFileReference; lastKnownFileType = image.png; path = "fal icon small.png"; sourceTree = "<group>"; };
		D06AD78719011CF600A742BF /* new ipad fal.png */ = {isa = PBXFileReference; lastKnownFileType = image.png; path = "new ipad fal.png"; sourceTree = "<group>"; };
		D06AD78919011E0A00A742BF /* iphone 8080.png */ = {isa = PBXFileReference; lastKnownFileType = image.png; path = "iphone 8080.png"; sourceTree = "<group>"; };
		D06AD78B19011E4300A742BF /* iphone 4040.png */ = {isa = PBXFileReference; lastKnownFileType = image.png; path = "iphone 4040.png"; sourceTree = "<group>"; };
		D06AD78D19011E6300A742BF /* iphone 5858.png */ = {isa = PBXFileReference; lastKnownFileType = image.png; path = "iphone 5858.png"; sourceTree = "<group>"; };
		D06AD78F190202B800A742BF /* Default-568h@2x.png */ = {isa = PBXFileReference; lastKnownFileType = image.png; name = "Default-568h@2x.png"; path = "webview/Default-568h@2x.png"; sourceTree = "<group>"; };
		D0739639195A786000D3727C /* ReferLayer_inf.png */ = {isa = PBXFileReference; lastKnownFileType = image.png; path = ReferLayer_inf.png; sourceTree = "<group>"; };
		D073963D195B631B00D3727C /* TapjoyResources.bundle */ = {isa = PBXFileReference; lastKnownFileType = "wrapper.plug-in"; path = TapjoyResources.bundle; sourceTree = "<group>"; };
		D073963E195B631B00D3727C /* Tapjoy.framework */ = {isa = PBXFileReference; lastKnownFileType = wrapper.framework; path = Tapjoy.framework; sourceTree = "<group>"; };
		D0AD77C0191AF50300027597 /* close.png */ = {isa = PBXFileReference; lastKnownFileType = image.png; path = close.png; sourceTree = "<group>"; };
		D0AD77C1191AF50300027597 /* close@2x.png */ = {isa = PBXFileReference; lastKnownFileType = image.png; path = "close@2x.png"; sourceTree = "<group>"; };
		D0AD77C4191AFF7000027597 /* popUp.h */ = {isa = PBXFileReference; fileEncoding = 4; lastKnownFileType = sourcecode.c.h; path = popUp.h; sourceTree = "<group>"; };
		D0AD77C5191AFF7000027597 /* popUp.m */ = {isa = PBXFileReference; fileEncoding = 4; lastKnownFileType = sourcecode.c.objc; path = popUp.m; sourceTree = "<group>"; };
		D0C7530918CC6B5300BDD9A6 /* Main_iPhone.storyboard */ = {isa = PBXFileReference; fileEncoding = 4; lastKnownFileType = file.storyboard; path = Main_iPhone.storyboard; sourceTree = "<group>"; };
		D0CF33DA1918155E003708B9 /* cellView.h */ = {isa = PBXFileReference; fileEncoding = 4; lastKnownFileType = sourcecode.c.h; path = cellView.h; sourceTree = "<group>"; };
		D0CF33DB1918155E003708B9 /* cellView.m */ = {isa = PBXFileReference; fileEncoding = 4; lastKnownFileType = sourcecode.c.objc; path = cellView.m; sourceTree = "<group>"; };
		D0DA69C2193CA97B006544C1 /* invite.png */ = {isa = PBXFileReference; lastKnownFileType = image.png; name = invite.png; path = ../icons/invite.png; sourceTree = "<group>"; };
		D0DA69C3193CA97B006544C1 /* invite@2x.png */ = {isa = PBXFileReference; lastKnownFileType = image.png; name = "invite@2x.png"; path = "../icons/invite@2x.png"; sourceTree = "<group>"; };
		D0DA69C6193CAAC9006544C1 /* email.png */ = {isa = PBXFileReference; lastKnownFileType = image.png; name = email.png; path = ../icons/email.png; sourceTree = "<group>"; };
		D0DA69C7193CAAC9006544C1 /* email@2x.png */ = {isa = PBXFileReference; lastKnownFileType = image.png; name = "email@2x.png"; path = "../icons/email@2x.png"; sourceTree = "<group>"; };
		D0DA69CA193CAC6F006544C1 /* message.png */ = {isa = PBXFileReference; lastKnownFileType = image.png; name = message.png; path = ../icons/message.png; sourceTree = "<group>"; };
		D0DA69CB193CAC6F006544C1 /* message@2x.png */ = {isa = PBXFileReference; lastKnownFileType = image.png; name = "message@2x.png"; path = "../icons/message@2x.png"; sourceTree = "<group>"; };
		D0DA69CE193CAD5C006544C1 /* facebook.png */ = {isa = PBXFileReference; lastKnownFileType = image.png; name = facebook.png; path = ../icons/facebook.png; sourceTree = "<group>"; };
		D0DA69CF193CAD5C006544C1 /* facebook@2x.png */ = {isa = PBXFileReference; lastKnownFileType = image.png; name = "facebook@2x.png"; path = "../icons/facebook@2x.png"; sourceTree = "<group>"; };
		D0DA69D0193CAD5C006544C1 /* twitter.png */ = {isa = PBXFileReference; lastKnownFileType = image.png; name = twitter.png; path = ../icons/twitter.png; sourceTree = "<group>"; };
		D0DA69D1193CAD5C006544C1 /* twitter@2x.png */ = {isa = PBXFileReference; lastKnownFileType = image.png; name = "twitter@2x.png"; path = "../icons/twitter@2x.png"; sourceTree = "<group>"; };
		D0E0DA52191EED47008D98E2 /* rewardPopUp.h */ = {isa = PBXFileReference; fileEncoding = 4; lastKnownFileType = sourcecode.c.h; path = rewardPopUp.h; sourceTree = "<group>"; };
		D0E0DA53191EED47008D98E2 /* rewardPopUp.m */ = {isa = PBXFileReference; fileEncoding = 4; lastKnownFileType = sourcecode.c.objc; path = rewardPopUp.m; sourceTree = "<group>"; };
		D0E0DA55191F101A008D98E2 /* offerPopUp.h */ = {isa = PBXFileReference; fileEncoding = 4; lastKnownFileType = sourcecode.c.h; path = offerPopUp.h; sourceTree = "<group>"; };
		D0E0DA56191F101A008D98E2 /* offerPopUp.m */ = {isa = PBXFileReference; fileEncoding = 4; lastKnownFileType = sourcecode.c.objc; path = offerPopUp.m; sourceTree = "<group>"; };
		D0E0DA58192015A6008D98E2 /* customPopUp.h */ = {isa = PBXFileReference; fileEncoding = 4; lastKnownFileType = sourcecode.c.h; path = customPopUp.h; sourceTree = "<group>"; };
		D0E0DA59192015A6008D98E2 /* customPopUp.m */ = {isa = PBXFileReference; fileEncoding = 4; lastKnownFileType = sourcecode.c.objc; path = customPopUp.m; sourceTree = "<group>"; };
		D0E0DA5C1920B942008D98E2 /* Flurry.h */ = {isa = PBXFileReference; fileEncoding = 4; lastKnownFileType = sourcecode.c.h; path = Flurry.h; sourceTree = "<group>"; };
		D0E0DA5D1920B942008D98E2 /* libFlurry_5.0.0.a */ = {isa = PBXFileReference; lastKnownFileType = archive.ar; path = libFlurry_5.0.0.a; sourceTree = "<group>"; };
		D0E0DA5F1920B9B7008D98E2 /* Security.framework */ = {isa = PBXFileReference; lastKnownFileType = wrapper.framework; name = Security.framework; path = System/Library/Frameworks/Security.framework; sourceTree = SDKROOT; };
		D0EEFE5318EE6CB100779B69 /* Main_iPad.storyboard */ = {isa = PBXFileReference; fileEncoding = 4; lastKnownFileType = file.storyboard; path = Main_iPad.storyboard; sourceTree = "<group>"; };
		D0EEFE5518EE7C7100779B69 /* topBariPad.png */ = {isa = PBXFileReference; lastKnownFileType = image.png; name = topBariPad.png; path = webview/topBariPad.png; sourceTree = "<group>"; };
		D0FB51EB18C0055E009C92D7 /* topBar.h */ = {isa = PBXFileReference; fileEncoding = 4; lastKnownFileType = sourcecode.c.h; path = topBar.h; sourceTree = "<group>"; };
		D0FB51EC18C0055E009C92D7 /* topBar.m */ = {isa = PBXFileReference; fileEncoding = 4; lastKnownFileType = sourcecode.c.objc; path = topBar.m; sourceTree = "<group>"; };
		D0FB51EE18C04977009C92D7 /* CustomIOS7AlertView.h */ = {isa = PBXFileReference; fileEncoding = 4; lastKnownFileType = sourcecode.c.h; path = CustomIOS7AlertView.h; sourceTree = "<group>"; };
		D0FB51EF18C04977009C92D7 /* CustomIOS7AlertView.m */ = {isa = PBXFileReference; fileEncoding = 4; lastKnownFileType = sourcecode.c.objc; path = CustomIOS7AlertView.m; sourceTree = "<group>"; };
		D0FB51F118C08867009C92D7 /* rightLine.h */ = {isa = PBXFileReference; fileEncoding = 4; lastKnownFileType = sourcecode.c.h; path = rightLine.h; sourceTree = "<group>"; };
		D0FB51F218C08867009C92D7 /* rightLine.m */ = {isa = PBXFileReference; fileEncoding = 4; lastKnownFileType = sourcecode.c.objc; path = rightLine.m; sourceTree = "<group>"; };
/* End PBXFileReference section */

/* Begin PBXFrameworksBuildPhase section */
		3133049D1882441800F7DB73 /* Frameworks */ = {
			isa = PBXFrameworksBuildPhase;
			buildActionMask = 2147483647;
			files = (
				D0739640195B631B00D3727C /* Tapjoy.framework in Frameworks */,
				D0E0DA601920B9B7008D98E2 /* Security.framework in Frameworks */,
				313305831885178600F7DB73 /* SystemConfiguration.framework in Frameworks */,
				31BF322918CE67FB0050AB5C /* FacebookSDK.framework in Frameworks */,
				D05D7E4A189880ED006593A9 /* Social.framework in Frameworks */,
				D0E0DA5E1920B942008D98E2 /* libFlurry_5.0.0.a in Frameworks */,
				313305851885178F00F7DB73 /* CoreTelephony.framework in Frameworks */,
				313304DC18827B4700F7DB73 /* AdSupport.framework in Frameworks */,
				313304A61882441800F7DB73 /* CoreGraphics.framework in Frameworks */,
				313304A81882441800F7DB73 /* UIKit.framework in Frameworks */,
				313304A41882441800F7DB73 /* Foundation.framework in Frameworks */,
			);
			runOnlyForDeploymentPostprocessing = 0;
		};
		313304C11882441800F7DB73 /* Frameworks */ = {
			isa = PBXFrameworksBuildPhase;
			buildActionMask = 2147483647;
			files = (
				313304C61882441800F7DB73 /* XCTest.framework in Frameworks */,
				313304C81882441800F7DB73 /* UIKit.framework in Frameworks */,
				313304C71882441800F7DB73 /* Foundation.framework in Frameworks */,
			);
			runOnlyForDeploymentPostprocessing = 0;
		};
/* End PBXFrameworksBuildPhase section */

/* Begin PBXGroup section */
		313304971882441800F7DB73 = {
			isa = PBXGroup;
			children = (
				D0DA69CA193CAC6F006544C1 /* message.png */,
				D0DA69CB193CAC6F006544C1 /* message@2x.png */,
				D0AD77C0191AF50300027597 /* close.png */,
				D0AD77C1191AF50300027597 /* close@2x.png */,
				313304A91882441800F7DB73 /* FreeAppLife */,
				313304CB1882441800F7DB73 /* webviewTests */,
				313304A21882441800F7DB73 /* Frameworks */,
				313304A11882441800F7DB73 /* Products */,
				D03762BE18C1719400791FB7 /* Images */,
			);
			sourceTree = "<group>";
		};
		313304A11882441800F7DB73 /* Products */ = {
			isa = PBXGroup;
			children = (
				313304A01882441800F7DB73 /* FreeAppLife.app */,
				313304C41882441800F7DB73 /* FreeAppLifeTests.xctest */,
			);
			name = Products;
			sourceTree = "<group>";
		};
		313304A21882441800F7DB73 /* Frameworks */ = {
			isa = PBXGroup;
			children = (
				D073963B195B631B00D3727C /* Tapjoy.embeddedframework */,
				D02DF302193AADB500B702F5 /* Twitter.framework */,
				D0E0DA5F1920B9B7008D98E2 /* Security.framework */,
				D05D7E49189880ED006593A9 /* Social.framework */,
				D05D7E411897A522006593A9 /* FacebookSDK.framework */,
				313305841885178F00F7DB73 /* CoreTelephony.framework */,
				313305821885178600F7DB73 /* SystemConfiguration.framework */,
				313304DB18827B4700F7DB73 /* AdSupport.framework */,
				313304A31882441800F7DB73 /* Foundation.framework */,
				313304A51882441800F7DB73 /* CoreGraphics.framework */,
				313304A71882441800F7DB73 /* UIKit.framework */,
				313304C51882441800F7DB73 /* XCTest.framework */,
				7768E45B9DF04A4085D82776 /* libPods.a */,
			);
			name = Frameworks;
			sourceTree = "<group>";
		};
		313304A91882441800F7DB73 /* FreeAppLife */ = {
			isa = PBXGroup;
			children = (
				313304B21882441800F7DB73 /* freeAppLifeAppDelegate.h */,
				313304B31882441800F7DB73 /* freeAppLifeAppDelegate.m */,
				3168FB9018865ACA00BC13C7 /* popup.xib */,
				D0EEFE5318EE6CB100779B69 /* Main_iPad.storyboard */,
				D0C7530918CC6B5300BDD9A6 /* Main_iPhone.storyboard */,
				3168FB8D18865A2800BC13C7 /* popView.h */,
				3168FB8E18865A2800BC13C7 /* popView.m */,
				D05278E418B94DB40065D401 /* API.h */,
				D05278E518B94DB40065D401 /* API.m */,
				D0CF33DA1918155E003708B9 /* cellView.h */,
				D0CF33DB1918155E003708B9 /* cellView.m */,
				D05D7E461897B65E006593A9 /* rewardCell.h */,
				D05D7E471897B65E006593A9 /* rewardCell.m */,
				D062DC061938294F00E86241 /* offerCell.h */,
				D062DC071938294F00E86241 /* offerCell.m */,
				D06AD77918FF677600A742BF /* lazyImage.h */,
				D06AD77A18FF677600A742BF /* lazyImage.m */,
				D0E0DA55191F101A008D98E2 /* offerPopUp.h */,
				D0E0DA56191F101A008D98E2 /* offerPopUp.m */,
				D0E0DA52191EED47008D98E2 /* rewardPopUp.h */,
				D0E0DA53191EED47008D98E2 /* rewardPopUp.m */,
				D0E0DA58192015A6008D98E2 /* customPopUp.h */,
				D0E0DA59192015A6008D98E2 /* customPopUp.m */,
				D0AD77C4191AFF7000027597 /* popUp.h */,
				D0AD77C5191AFF7000027597 /* popUp.m */,
				D0FB51EE18C04977009C92D7 /* CustomIOS7AlertView.h */,
				D0FB51EF18C04977009C92D7 /* CustomIOS7AlertView.m */,
				313304BB1882441800F7DB73 /* freeAppLifeViewController.h */,
				313304BC1882441800F7DB73 /* freeAppLifeViewController.m */,
				317675CC188B20FA00DCF1C9 /* rewardsViewController.h */,
				317675CD188B20FA00DCF1C9 /* rewardsViewController.m */,
				D03762D018C1754600791FB7 /* socialViewController.h */,
				D03762D118C1754600791FB7 /* socialViewController.m */,
				D05D7E431897A576006593A9 /* settingsViewController.h */,
				D05D7E441897A576006593A9 /* settingsViewController.m */,
				D03079191909EA2F0058013B /* ps4.png */,
				D0FB51EB18C0055E009C92D7 /* topBar.h */,
				D0FB51EC18C0055E009C92D7 /* topBar.m */,
				D0FB51F118C08867009C92D7 /* rightLine.h */,
				D0FB51F218C08867009C92D7 /* rightLine.m */,
				313304BE1882441800F7DB73 /* Images.xcassets */,
				D0E0DA5B1920B942008D98E2 /* Flurry */,
				D03762D718C2F8C500791FB7 /* Classes */,
				D03762DB18C2F8C600791FB7 /* Resources */,
				313304AA1882441800F7DB73 /* Supporting Files */,
			);
			name = FreeAppLife;
			path = webview;
			sourceTree = "<group>";
		};
		313304AA1882441800F7DB73 /* Supporting Files */ = {
			isa = PBXGroup;
			children = (
				313304AB1882441800F7DB73 /* FreeAppLife-Info.plist */,
				313304AC1882441800F7DB73 /* InfoPlist.strings */,
				313304AF1882441800F7DB73 /* main.m */,
				313304B11882441800F7DB73 /* FreeAppLife-Prefix.pch */,
			);
			name = "Supporting Files";
			sourceTree = "<group>";
		};
		313304CB1882441800F7DB73 /* webviewTests */ = {
			isa = PBXGroup;
			children = (
				313304D11882441800F7DB73 /* webviewTests.m */,
				313304CC1882441800F7DB73 /* Supporting Files */,
			);
			path = webviewTests;
			sourceTree = "<group>";
		};
		313304CC1882441800F7DB73 /* Supporting Files */ = {
			isa = PBXGroup;
			children = (
				313304CD1882441800F7DB73 /* FreeAppLifeTests-Info.plist */,
				313304CE1882441800F7DB73 /* InfoPlist.strings */,
			);
			name = "Supporting Files";
			sourceTree = "<group>";
		};
		D03762BE18C1719400791FB7 /* Images */ = {
			isa = PBXGroup;
			children = (
				D0DA69CE193CAD5C006544C1 /* facebook.png */,
				D0DA69CF193CAD5C006544C1 /* facebook@2x.png */,
				D0DA69D0193CAD5C006544C1 /* twitter.png */,
				D0DA69D1193CAD5C006544C1 /* twitter@2x.png */,
				D0DA69C6193CAAC9006544C1 /* email.png */,
				D0DA69C7193CAAC9006544C1 /* email@2x.png */,
				D0DA69C2193CA97B006544C1 /* invite.png */,
				D0DA69C3193CA97B006544C1 /* invite@2x.png */,
				D062DC09193843AF00E86241 /* friends.png */,
				D062DC0A193843AF00E86241 /* friends@2x.png */,
				D06AD78719011CF600A742BF /* new ipad fal.png */,
				D06AD78D19011E6300A742BF /* iphone 5858.png */,
				D06AD78B19011E4300A742BF /* iphone 4040.png */,
				D06AD78919011E0A00A742BF /* iphone 8080.png */,
				D06AD77F19011B3900A742BF /* fal retina ipad.png */,
				D06AD78519011C3400A742BF /* fal icon small.png */,
				D06AD78119011B4800A742BF /* ipad fal icon.png */,
				D06AD78319011C0400A742BF /* fal icon.png */,
				D0EEFE5518EE7C7100779B69 /* topBariPad.png */,
				31AE574B18D6E153004F8D4C /* LaunchImage.png */,
				31AE574D18D6E42C004F8D4C /* AppIcon.png */,
				31AE574E18D6E42C004F8D4C /* AppIcon@2x.png */,
				31AE574718D6E144004F8D4C /* AppIcon@2x.png */,
				31AE574918D6E14E004F8D4C /* AppIcon.png */,
				D066162C18CBF70D0022B8DB /* button.png */,
				D066162A18CAAA620022B8DB /* topBar.png */,
				D06AD78F190202B800A742BF /* Default-568h@2x.png */,
				D03762CE18C173C000791FB7 /* ReferLayer.png */,
				D0739639195A786000D3727C /* ReferLayer_inf.png */,
				D03762BC18C170BC00791FB7 /* EmailLayer.png */,
				D03762B618C16B6800791FB7 /* group2.png */,
				D03762B718C16B6800791FB7 /* group2@2x.png */,
				D03762AA18C1689000791FB7 /* checked2.png */,
				D03762AC18C1694600791FB7 /* checked2@2x.png */,
				D03762AE18C16A1000791FB7 /* machine2.png */,
				D03762AF18C16A1000791FB7 /* machine2@2x.png */,
				D03762B218C16A6300791FB7 /* present.png */,
				D03762B318C16A6300791FB7 /* present@2x.png */,
			);
			name = Images;
			sourceTree = "<group>";
		};
		D03762D718C2F8C500791FB7 /* Classes */ = {
			isa = PBXGroup;
			children = (
			);
			path = Classes;
			sourceTree = "<group>";
		};
		D03762DB18C2F8C600791FB7 /* Resources */ = {
			isa = PBXGroup;
			children = (
			);
			path = Resources;
			sourceTree = "<group>";
		};
		D073963B195B631B00D3727C /* Tapjoy.embeddedframework */ = {
			isa = PBXGroup;
			children = (
				D073963C195B631B00D3727C /* Resources */,
				D073963E195B631B00D3727C /* Tapjoy.framework */,
			);
			path = Tapjoy.embeddedframework;
			sourceTree = "<group>";
		};
		D073963C195B631B00D3727C /* Resources */ = {
			isa = PBXGroup;
			children = (
				D073963D195B631B00D3727C /* TapjoyResources.bundle */,
			);
			path = Resources;
			sourceTree = "<group>";
		};
		D0E0DA5B1920B942008D98E2 /* Flurry */ = {
			isa = PBXGroup;
			children = (
				D0E0DA5C1920B942008D98E2 /* Flurry.h */,
				D0E0DA5D1920B942008D98E2 /* libFlurry_5.0.0.a */,
			);
			path = Flurry;
			sourceTree = "<group>";
		};
/* End PBXGroup section */

/* Begin PBXNativeTarget section */
		3133049F1882441800F7DB73 /* FreeAppLife */ = {
			isa = PBXNativeTarget;
			buildConfigurationList = 313304D51882441800F7DB73 /* Build configuration list for PBXNativeTarget "FreeAppLife" */;
			buildPhases = (
				3133049C1882441800F7DB73 /* Sources */,
				3133049D1882441800F7DB73 /* Frameworks */,
				3133049E1882441800F7DB73 /* Resources */,
			);
			buildRules = (
			);
			dependencies = (
			);
			name = FreeAppLife;
			productName = webview;
			productReference = 313304A01882441800F7DB73 /* FreeAppLife.app */;
			productType = "com.apple.product-type.application";
		};
		313304C31882441800F7DB73 /* FreeAppLifeTests */ = {
			isa = PBXNativeTarget;
			buildConfigurationList = 313304D81882441800F7DB73 /* Build configuration list for PBXNativeTarget "FreeAppLifeTests" */;
			buildPhases = (
				313304C01882441800F7DB73 /* Sources */,
				313304C11882441800F7DB73 /* Frameworks */,
				313304C21882441800F7DB73 /* Resources */,
			);
			buildRules = (
			);
			dependencies = (
				313304CA1882441800F7DB73 /* PBXTargetDependency */,
			);
			name = FreeAppLifeTests;
			productName = webviewTests;
			productReference = 313304C41882441800F7DB73 /* FreeAppLifeTests.xctest */;
			productType = "com.apple.product-type.bundle.unit-test";
		};
/* End PBXNativeTarget section */

/* Begin PBXProject section */
		313304981882441800F7DB73 /* Project object */ = {
			isa = PBXProject;
			attributes = {
				CLASSPREFIX = freeAppLife;
				LastUpgradeCheck = 0500;
				ORGANIZATIONNAME = "Adrian D'Urso";
				TargetAttributes = {
					3133049F1882441800F7DB73 = {
						DevelopmentTeam = G7CYMDD5E3;
					};
					313304C31882441800F7DB73 = {
						TestTargetID = 3133049F1882441800F7DB73;
					};
				};
			};
			buildConfigurationList = 3133049B1882441800F7DB73 /* Build configuration list for PBXProject "FreeAppLife" */;
			compatibilityVersion = "Xcode 3.2";
			developmentRegion = English;
			hasScannedForEncodings = 0;
			knownRegions = (
				en,
				Base,
			);
			mainGroup = 313304971882441800F7DB73;
			productRefGroup = 313304A11882441800F7DB73 /* Products */;
			projectDirPath = "";
			projectRoot = "";
			targets = (
				3133049F1882441800F7DB73 /* FreeAppLife */,
				313304C31882441800F7DB73 /* FreeAppLifeTests */,
			);
		};
/* End PBXProject section */

/* Begin PBXResourcesBuildPhase section */
		3133049E1882441800F7DB73 /* Resources */ = {
			isa = PBXResourcesBuildPhase;
			buildActionMask = 2147483647;
			files = (
				D06AD78C19011E4300A742BF /* iphone 4040.png in Resources */,
				D06AD78E19011E6300A742BF /* iphone 5858.png in Resources */,
				D073963A195A786000D3727C /* ReferLayer_inf.png in Resources */,
				D06AD78819011CF600A742BF /* new ipad fal.png in Resources */,
				D0EEFE5418EE6CB100779B69 /* Main_iPad.storyboard in Resources */,
				D066162D18CBF70D0022B8DB /* button.png in Resources */,
				D030791A1909EA2F0058013B /* ps4.png in Resources */,
				D0DA69D4193CAD5C006544C1 /* twitter.png in Resources */,
				D06AD78019011B3900A742BF /* fal retina ipad.png in Resources */,
				D0EEFE5618EE7C7100779B69 /* topBariPad.png in Resources */,
				D0AD77C3191AF50300027597 /* close@2x.png in Resources */,
				D03762B518C16A6300791FB7 /* present@2x.png in Resources */,
				D06AD78219011B4800A742BF /* ipad fal icon.png in Resources */,
				D073963F195B631B00D3727C /* TapjoyResources.bundle in Resources */,
				D03762B418C16A6300791FB7 /* present.png in Resources */,
				D062DC0B193843AF00E86241 /* friends.png in Resources */,
				D03762AD18C1694600791FB7 /* checked2@2x.png in Resources */,
				D03762B818C16B6800791FB7 /* group2.png in Resources */,
				D03762B118C16A1000791FB7 /* machine2@2x.png in Resources */,
				31AE574F18D6E42C004F8D4C /* AppIcon.png in Resources */,
				D0C7530A18CC6B5300BDD9A6 /* Main_iPhone.storyboard in Resources */,
				D0DA69D2193CAD5C006544C1 /* facebook.png in Resources */,
				31AE574C18D6E153004F8D4C /* LaunchImage.png in Resources */,
				D03762AB18C1689000791FB7 /* checked2.png in Resources */,
				D0DA69D3193CAD5C006544C1 /* facebook@2x.png in Resources */,
				D0DA69C8193CAAC9006544C1 /* email.png in Resources */,
				313304BF1882441800F7DB73 /* Images.xcassets in Resources */,
				D062DC0C193843AF00E86241 /* friends@2x.png in Resources */,
				D06AD78619011C3400A742BF /* fal icon small.png in Resources */,
				D0DA69C4193CA97B006544C1 /* invite.png in Resources */,
				D03762CF18C173C000791FB7 /* ReferLayer.png in Resources */,
				D0DA69D5193CAD5C006544C1 /* twitter@2x.png in Resources */,
				D0DA69C9193CAAC9006544C1 /* email@2x.png in Resources */,
				D0DA69CD193CAC6F006544C1 /* message@2x.png in Resources */,
				D066162B18CAAA620022B8DB /* topBar.png in Resources */,
				D06AD78419011C0400A742BF /* fal icon.png in Resources */,
				D06AD78A19011E0A00A742BF /* iphone 8080.png in Resources */,
				D0AD77C2191AF50300027597 /* close.png in Resources */,
				D03762B918C16B6800791FB7 /* group2@2x.png in Resources */,
				D0DA69C5193CA97B006544C1 /* invite@2x.png in Resources */,
				3168FB9118865ACA00BC13C7 /* popup.xib in Resources */,
				31AE575018D6E42C004F8D4C /* AppIcon@2x.png in Resources */,
				D03762BD18C170BC00791FB7 /* EmailLayer.png in Resources */,
				D03762B018C16A1000791FB7 /* machine2.png in Resources */,
				31AE574818D6E144004F8D4C /* AppIcon@2x.png in Resources */,
				31AE574A18D6E14E004F8D4C /* AppIcon.png in Resources */,
				313304AE1882441800F7DB73 /* InfoPlist.strings in Resources */,
				D06AD790190202B800A742BF /* Default-568h@2x.png in Resources */,
				D0DA69CC193CAC6F006544C1 /* message.png in Resources */,
			);
			runOnlyForDeploymentPostprocessing = 0;
		};
		313304C21882441800F7DB73 /* Resources */ = {
			isa = PBXResourcesBuildPhase;
			buildActionMask = 2147483647;
			files = (
				313304D01882441800F7DB73 /* InfoPlist.strings in Resources */,
			);
			runOnlyForDeploymentPostprocessing = 0;
		};
/* End PBXResourcesBuildPhase section */

/* Begin PBXSourcesBuildPhase section */
		3133049C1882441800F7DB73 /* Sources */ = {
			isa = PBXSourcesBuildPhase;
			buildActionMask = 2147483647;
			files = (
				D0FB51F318C08867009C92D7 /* rightLine.m in Sources */,
				313304BD1882441800F7DB73 /* freeAppLifeViewController.m in Sources */,
				313304B41882441800F7DB73 /* freeAppLifeAppDelegate.m in Sources */,
				D0CF33DC1918155E003708B9 /* cellView.m in Sources */,
				D0AD77C6191AFF7000027597 /* popUp.m in Sources */,
				D0E0DA57191F101A008D98E2 /* offerPopUp.m in Sources */,
				D03762D218C1754600791FB7 /* socialViewController.m in Sources */,
				D0E0DA54191EED47008D98E2 /* rewardPopUp.m in Sources */,
				317675CE188B20FA00DCF1C9 /* rewardsViewController.m in Sources */,
				D062DC081938294F00E86241 /* offerCell.m in Sources */,
				3168FB8F18865A2800BC13C7 /* popView.m in Sources */,
				313304B01882441800F7DB73 /* main.m in Sources */,
				D05D7E481897B65E006593A9 /* rewardCell.m in Sources */,
				D05278E618B94DB40065D401 /* API.m in Sources */,
				D05D7E451897A576006593A9 /* settingsViewController.m in Sources */,
				D0FB51F018C04977009C92D7 /* CustomIOS7AlertView.m in Sources */,
				D0E0DA5A192015A6008D98E2 /* customPopUp.m in Sources */,
				D0FB51ED18C0055E009C92D7 /* topBar.m in Sources */,
				D06AD77B18FF677600A742BF /* lazyImage.m in Sources */,
			);
			runOnlyForDeploymentPostprocessing = 0;
		};
		313304C01882441800F7DB73 /* Sources */ = {
			isa = PBXSourcesBuildPhase;
			buildActionMask = 2147483647;
			files = (
				313304D21882441800F7DB73 /* webviewTests.m in Sources */,
			);
			runOnlyForDeploymentPostprocessing = 0;
		};
/* End PBXSourcesBuildPhase section */

/* Begin PBXTargetDependency section */
		313304CA1882441800F7DB73 /* PBXTargetDependency */ = {
			isa = PBXTargetDependency;
			target = 3133049F1882441800F7DB73 /* FreeAppLife */;
			targetProxy = 313304C91882441800F7DB73 /* PBXContainerItemProxy */;
		};
/* End PBXTargetDependency section */

/* Begin PBXVariantGroup section */
		313304AC1882441800F7DB73 /* InfoPlist.strings */ = {
			isa = PBXVariantGroup;
			children = (
				313304AD1882441800F7DB73 /* en */,
			);
			name = InfoPlist.strings;
			sourceTree = "<group>";
		};
		313304CE1882441800F7DB73 /* InfoPlist.strings */ = {
			isa = PBXVariantGroup;
			children = (
				313304CF1882441800F7DB73 /* en */,
			);
			name = InfoPlist.strings;
			sourceTree = "<group>";
		};
/* End PBXVariantGroup section */

/* Begin XCBuildConfiguration section */
		313304D31882441800F7DB73 /* Debug */ = {
			isa = XCBuildConfiguration;
			buildSettings = {
				ALWAYS_SEARCH_USER_PATHS = NO;
				ARCHS = "$(ARCHS_STANDARD_INCLUDING_64_BIT)";
				CLANG_CXX_LANGUAGE_STANDARD = "gnu++0x";
				CLANG_CXX_LIBRARY = "libc++";
				CLANG_ENABLE_MODULES = YES;
				CLANG_ENABLE_OBJC_ARC = YES;
				CLANG_WARN_BOOL_CONVERSION = YES;
				CLANG_WARN_CONSTANT_CONVERSION = YES;
				CLANG_WARN_DIRECT_OBJC_ISA_USAGE = YES_ERROR;
				CLANG_WARN_EMPTY_BODY = YES;
				CLANG_WARN_ENUM_CONVERSION = YES;
				CLANG_WARN_INT_CONVERSION = YES;
				CLANG_WARN_OBJC_ROOT_CLASS = YES_ERROR;
				CLANG_WARN__DUPLICATE_METHOD_MATCH = YES;
				CODE_SIGN_IDENTITY = "iPhone Developer: Razia Khan (4W3665ZY7C)";
				"CODE_SIGN_IDENTITY[sdk=iphoneos*]" = "iPhone Developer: Razia Khan (4W3665ZY7C)";
				COPY_PHASE_STRIP = YES;
				GCC_C_LANGUAGE_STANDARD = gnu99;
				GCC_DYNAMIC_NO_PIC = NO;
				GCC_OPTIMIZATION_LEVEL = 0;
				GCC_PREPROCESSOR_DEFINITIONS = (
					"DEBUG=1",
					"$(inherited)",
				);
				GCC_SYMBOLS_PRIVATE_EXTERN = NO;
				GCC_WARN_64_TO_32_BIT_CONVERSION = YES;
				GCC_WARN_ABOUT_RETURN_TYPE = YES_ERROR;
				GCC_WARN_UNDECLARED_SELECTOR = YES;
				GCC_WARN_UNINITIALIZED_AUTOS = YES;
				GCC_WARN_UNUSED_FUNCTION = YES;
				GCC_WARN_UNUSED_VARIABLE = YES;
				IPHONEOS_DEPLOYMENT_TARGET = 6.0;
				ONLY_ACTIVE_ARCH = YES;
				PROVISIONING_PROFILE = "";
				SDKROOT = iphoneos;
				TARGETED_DEVICE_FAMILY = "1,2";
			};
			name = Debug;
		};
		313304D41882441800F7DB73 /* Release */ = {
			isa = XCBuildConfiguration;
			buildSettings = {
				ALWAYS_SEARCH_USER_PATHS = NO;
				ARCHS = "$(ARCHS_STANDARD_INCLUDING_64_BIT)";
				CLANG_CXX_LANGUAGE_STANDARD = "gnu++0x";
				CLANG_CXX_LIBRARY = "libc++";
				CLANG_ENABLE_MODULES = YES;
				CLANG_ENABLE_OBJC_ARC = YES;
				CLANG_WARN_BOOL_CONVERSION = YES;
				CLANG_WARN_CONSTANT_CONVERSION = YES;
				CLANG_WARN_DIRECT_OBJC_ISA_USAGE = YES_ERROR;
				CLANG_WARN_EMPTY_BODY = YES;
				CLANG_WARN_ENUM_CONVERSION = YES;
				CLANG_WARN_INT_CONVERSION = YES;
				CLANG_WARN_OBJC_ROOT_CLASS = YES_ERROR;
				CLANG_WARN__DUPLICATE_METHOD_MATCH = YES;
				CODE_SIGN_IDENTITY = "iPhone Distribution: TechKnowledgeG LLC";
				"CODE_SIGN_IDENTITY[sdk=iphoneos*]" = "iPhone Distribution: TechKnowledgeG LLC";
				COPY_PHASE_STRIP = YES;
				ENABLE_NS_ASSERTIONS = NO;
				GCC_C_LANGUAGE_STANDARD = gnu99;
				GCC_WARN_64_TO_32_BIT_CONVERSION = YES;
				GCC_WARN_ABOUT_RETURN_TYPE = YES_ERROR;
				GCC_WARN_UNDECLARED_SELECTOR = YES;
				GCC_WARN_UNINITIALIZED_AUTOS = YES;
				GCC_WARN_UNUSED_FUNCTION = YES;
				GCC_WARN_UNUSED_VARIABLE = YES;
				IPHONEOS_DEPLOYMENT_TARGET = 6.0;
				ONLY_ACTIVE_ARCH = YES;
				PROVISIONING_PROFILE = "E218C8AC-4082-4F33-B8E6-27DA333E7873";
				SDKROOT = iphoneos;
				TARGETED_DEVICE_FAMILY = "1,2";
				VALIDATE_PRODUCT = YES;
			};
			name = Release;
		};
		313304D61882441800F7DB73 /* Debug */ = {
			isa = XCBuildConfiguration;
			buildSettings = {
				ASSETCATALOG_COMPILER_LAUNCHIMAGE_NAME = LaunchImage;
				CODE_SIGN_IDENTITY = "iPhone Developer: Tanner Marsh (M5RP2TNR22)";
				"CODE_SIGN_IDENTITY[sdk=iphoneos*]" = "iPhone Developer: Tanner Marsh (M5RP2TNR22)";
				FRAMEWORK_SEARCH_PATHS = (
					"$(inherited)",
					/Users/misbahkhan/Desktop/webview,
					/Users/adriandurso/Documents/FINAL_APP/webview,
					"$(PROJECT_DIR)/Tapjoy.embeddedframework",
				);
				GCC_PRECOMPILE_PREFIX_HEADER = YES;
				GCC_PREFIX_HEADER = "webview/FreeAppLife-Prefix.pch";
				INFOPLIST_FILE = "webview/FreeAppLife-Info.plist";
				IPHONEOS_DEPLOYMENT_TARGET = 6.0;
				LIBRARY_SEARCH_PATHS = (
					"$(inherited)",
					"$(PROJECT_DIR)/webview/Flurry",
				);
				PRODUCT_NAME = FreeAppLife;
				PROVISIONING_PROFILE = "53A605F0-76F8-4484-8410-8CAAB892BF9E";
				TARGETED_DEVICE_FAMILY = "1,2";
				WRAPPER_EXTENSION = app;
			};
			name = Debug;
		};
		313304D71882441800F7DB73 /* Release */ = {
			isa = XCBuildConfiguration;
			buildSettings = {
				ASSETCATALOG_COMPILER_LAUNCHIMAGE_NAME = LaunchImage;
				CODE_SIGN_IDENTITY = "iPhone Distribution";
				"CODE_SIGN_IDENTITY[sdk=iphoneos*]" = "iPhone Distribution";
				FRAMEWORK_SEARCH_PATHS = (
					"$(inherited)",
					/Users/misbahkhan/Desktop/webview,
					/Users/adriandurso/Documents/FINAL_APP/webview,
					"$(PROJECT_DIR)/Tapjoy.embeddedframework",
				);
				GCC_PRECOMPILE_PREFIX_HEADER = YES;
				GCC_PREFIX_HEADER = "webview/FreeAppLife-Prefix.pch";
				INFOPLIST_FILE = "webview/FreeAppLife-Info.plist";
				IPHONEOS_DEPLOYMENT_TARGET = 6.0;
				LIBRARY_SEARCH_PATHS = (
					"$(inherited)",
					"$(PROJECT_DIR)/webview/Flurry",
				);
				PRODUCT_NAME = FreeAppLife;
				PROVISIONING_PROFILE = "E218C8AC-4082-4F33-B8E6-27DA333E7873";
				TARGETED_DEVICE_FAMILY = "1,2";
				WRAPPER_EXTENSION = app;
			};
			name = Release;
		};
		313304D91882441800F7DB73 /* Debug */ = {
			isa = XCBuildConfiguration;
			buildSettings = {
				ARCHS = "$(ARCHS_STANDARD_INCLUDING_64_BIT)";
				BUNDLE_LOADER = "$(BUILT_PRODUCTS_DIR)/webview.app/webview";
				FRAMEWORK_SEARCH_PATHS = (
					"$(SDKROOT)/Developer/Library/Frameworks",
					"$(inherited)",
					"$(DEVELOPER_FRAMEWORKS_DIR)",
				);
				GCC_PRECOMPILE_PREFIX_HEADER = YES;
				GCC_PREFIX_HEADER = "webview/webview-Prefix.pch";
				GCC_PREPROCESSOR_DEFINITIONS = (
					"DEBUG=1",
					"$(inherited)",
				);
				INFOPLIST_FILE = "webviewTests/FreeAppLifeTests-Info.plist";
				PRODUCT_NAME = FreeAppLifeTests;
				TEST_HOST = "$(BUNDLE_LOADER)";
				WRAPPER_EXTENSION = xctest;
			};
			name = Debug;
		};
		313304DA1882441800F7DB73 /* Release */ = {
			isa = XCBuildConfiguration;
			buildSettings = {
				ARCHS = "$(ARCHS_STANDARD_INCLUDING_64_BIT)";
				BUNDLE_LOADER = "$(BUILT_PRODUCTS_DIR)/webview.app/webview";
				FRAMEWORK_SEARCH_PATHS = (
					"$(SDKROOT)/Developer/Library/Frameworks",
					"$(inherited)",
					"$(DEVELOPER_FRAMEWORKS_DIR)",
				);
				GCC_PRECOMPILE_PREFIX_HEADER = YES;
				GCC_PREFIX_HEADER = "webview/webview-Prefix.pch";
				INFOPLIST_FILE = "webviewTests/FreeAppLifeTests-Info.plist";
				PRODUCT_NAME = FreeAppLifeTests;
				TEST_HOST = "$(BUNDLE_LOADER)";
				WRAPPER_EXTENSION = xctest;
			};
			name = Release;
		};
/* End XCBuildConfiguration section */

/* Begin XCConfigurationList section */
		3133049B1882441800F7DB73 /* Build configuration list for PBXProject "FreeAppLife" */ = {
			isa = XCConfigurationList;
			buildConfigurations = (
				313304D31882441800F7DB73 /* Debug */,
				313304D41882441800F7DB73 /* Release */,
			);
			defaultConfigurationIsVisible = 0;
			defaultConfigurationName = Release;
		};
		313304D51882441800F7DB73 /* Build configuration list for PBXNativeTarget "FreeAppLife" */ = {
			isa = XCConfigurationList;
			buildConfigurations = (
				313304D61882441800F7DB73 /* Debug */,
				313304D71882441800F7DB73 /* Release */,
			);
			defaultConfigurationIsVisible = 0;
			defaultConfigurationName = Release;
		};
		313304D81882441800F7DB73 /* Build configuration list for PBXNativeTarget "FreeAppLifeTests" */ = {
			isa = XCConfigurationList;
			buildConfigurations = (
				313304D91882441800F7DB73 /* Debug */,
				313304DA1882441800F7DB73 /* Release */,
			);
			defaultConfigurationIsVisible = 0;
			defaultConfigurationName = Release;
		};
/* End XCConfigurationList section */
	};
	rootObject = 313304981882441800F7DB73 /* Project object */;
}
